Microsoft Visual Studio Solution File, Format Version 11.00
# Visual Studio 2008

Project("{028A6E92-4FF0-A80C-84AB-114B5F257223}") = "controlesporteclado", "Assembly-CSharp.csproj", "{14875C8E-D48F-68CA-BFA9-2D3D0AC5640C}"
EndProject
Global
	GlobalSection(SolutionConfigurationPlatforms) = preSolution
		Debug|Any CPU = Debug|Any CPU
		Release|Any CPU = Release|Any CPU
	EndGlobalSection
	GlobalSection(ProjectConfigurationPlatforms) = postSolution
		{14875C8E-D48F-68CA-BFA9-2D3D0AC5640C}.Debug|Any CPU.ActiveCfg = Debug|Any CPU
		{14875C8E-D48F-68CA-BFA9-2D3D0AC5640C}.Debug|Any CPU.Build.0 = Debug|Any CPU
		{14875C8E-D48F-68CA-BFA9-2D3D0AC5640C}.Release|Any CPU.ActiveCfg = Release|Any CPU
		{14875C8E-D48F-68CA-BFA9-2D3D0AC5640C}.Release|Any CPU.Build.0 = Release|Any CPU
	EndGlobalSection
	GlobalSection(SolutionProperties) = preSolution
		HideSolutionNode = FALSE
	EndGlobalSection
	GlobalSection(MonoDevelopProperties) = preSolution
		StartupItem = Assembly-CSharp.csproj
	EndGlobalSection
EndGlobal
